lockfileVersion: '9.0'

settings:
  autoInstallPeers: true
  excludeLinksFromLockfile: false

importers:

  .:
    dependencies:
      bs58:
        specifier: ^5.0.0
        version: 5.0.0
      dotenv:
        specifier: ^16.4.5
        version: 16.4.7
      elliptic:
        specifier: ^6.5.5
        version: 6.6.1
      js-sha3:
        specifier: 0.9.3
        version: 0.9.3
      keccak:
        specifier: ^3.0.4
        version: 3.0.4
      near-api-js:
        specifier: ^5.0.1
        version: 5.0.1
      os: {specifier: ^0.1.1, version: 0.1.2}
      path:
        specifier: ^0.12.7
        version: 0.12.7
      viem:
        specifier: ^2.18.4
        version: 2.23.5

packages:

  '@adraffy/ens-normalize@1.11.0':
    resolution: {integrity: sha512-/3DDPKHqqIqxUULp8yP4zODUY1i+2xvVWsv8A79xGWdCAG+8sb0hRh0Rk2QyOJUnnbyPUAZYcpBuRe3nS2OIUg==}

  '@near-js/accounts@1.3.1':
    resolution: {integrity: sha512-LAUN5L31JKtuXD9xS6D98GLtjG8KL9z761RvTYH6FMAwTFiyPed2M65mKNThGj3Zq46vWRGML0rJ2rlnXvewrA==}

  '@near-js/crypto@1.4.1':
    resolution: {integrity: sha512-hbricJD0H8nwu63Zw16UZQg3ms2W9NwDBsLt3OEtudTcu9q1MRrVZWc7ATjdmTvhkcgmouEFc6oLBsOxnmSLCA==}

  '@near-js/keystores-browser@0.2.1':
    resolution: {integrity: sha512-wF7UUDccnkVxdWqVgladupiXkrBmxNK9ilZg6zg9a11xtrDUpnjmWF4ON4tl1lJWF0XdTJmGdOrgOQZQDBQ79g==}

  '@near-js/keystores-node@0.1.1':
    resolution: {integrity: sha512-ht69dVB0IAX2RckOlBCCTxl7e8X29EYqgL4KE83Sg+cAwsQctAjVLpor5RbgJhg1iYY5BhIK5JgI0pTOJRAHxA==}

  '@near-js/keystores@0.2.1':
    resolution: {integrity: sha512-KTeqSB+gx5LZNC9VGtHDe+aEiJts6e3nctMnnn/gqIgvW7KJ+BzcmTZZpxCmQLcy+s7hHSpzmyTVRkaCuYjCcQ==}

  '@near-js/providers@1.0.1':
    resolution: {integrity: sha512-a1rU+JjTes/fdpnP/SLRQuWAK80os1DoHw2sszg/ccA9byTdI/CM6eKinrWJrO5i86IARfigOgjCJhrzPscvuQ==}

  '@near-js/signers@0.2.1':
    resolution: {integrity: sha512-l1PnUy4e8NQe5AAHs7mEuWbbUt0rrsZLtcK1UlFaA16MKZmxXdHLMBfUmzyMA4bGzwkyUyGtIebkR+KjBfpEog==}

  '@near-js/transactions@1.3.1':
    resolution: {integrity: sha512-kL9hxUqBr+tILQHFsh5T/bz3UkJrAq5tnyFqh0xf+7qGXZuRIPfuW/HMq4M6wFw0MGi/8ycmDT3yTQFH7PzZqw==}

  '@near-js/types@0.3.1':
    resolution: {integrity: sha512-8qIA7ynAEAuVFNAQc0cqz2xRbfyJH3PaAG5J2MgPPhD18lu/tCGd6pzYg45hjhtiJJRFDRjh/FUWKS+ZiIIxUw==}

  '@near-js/utils@1.0.1':
    resolution: {integrity: sha512-MzCAspVJJLrURnSbq059s6cWon2/qbbBVl+Ib1yBOMTs/6EuJ7GRvuSmtmSB7l9Hjjmz8Imn1aB2q3RVYZSbrA==}

  '@near-js/wallet-account@1.3.1':
    resolution: {integrity: sha512-POOKarJnYsTK0zEXygm43ecGlraPl5qagQHl+By5bk0zQFgeKaoFIJK/n04xUoGBhZTBIVp1/q7q3O1pB57hqg==}

  '@noble/curves@1.2.0':
    resolution: {integrity: sha512-oYclrNgRaM9SsBUBVbb8M6DTV7ZHRTKugureoYEncY5c65HOmRzvSiTE3y5CYaPYJA/GVkrhXEoF0M3Ya9PMnw==}

  '@noble/curves@1.8.1':
    resolution: {integrity: sha512-warwspo+UYUPep0Q+vtdVB4Ugn8GGQj8iyB3gnRWsztmUHTI3S1nhdiWNsPUGL0vud7JlRRk1XEu7Lq1KGTnMQ==}
    engines: {node: ^14.21.3 || >=16}

  '@noble/hashes@1.3.2':
    resolution: {integrity: sha512-MVC8EAQp7MvEcm30KWENFjgR+Mkmf+D189XJTkFIlwohU5hcBbn1ZkKq7KVTi2Hme3PMGF390DaL52beVrIihQ==}
    engines: {node: '>= 16'}

  '@noble/hashes@1.3.3':
    resolution: {integrity: sha512-V7/fPHgl+jsVPXqqeOzT8egNj2iBIVt+ECeMMG8TdcnTikP3oaBtUVqpT/gYCR68aEBJSF+XbYUxStjbFMqIIA==}
    engines: {node: '>= 16'}

  '@noble/hashes@1.7.1':
    resolution: {integrity: sha512-B8XBPsn4vT/KJAGqDzbwztd+6Yte3P4V7iafm24bxgDe/mlRuK6xmWPuCNrKt2vDafZ8MfJLlchDG/vYafQEjQ==}
    engines: {node: ^14.21.3 || >=16}

  '@scure/base@1.2.4':
    resolution: {integrity: sha512-5Yy9czTO47mqz+/J8GM6GIId4umdCk1wc1q8rKERQulIoc8VP9pzDcghv10Tl2E7R96ZUx/PhND3ESYUQX8NuQ==}

  '@scure/bip32@1.6.2':
    resolution: {integrity: sha512-t96EPDMbtGgtb7onKKqxRLfE5g05k7uHnHRM2xdE6BP/ZmxaLtPek4J4KfVn/90IQNrU1IOAqMgiDtUdtbe3nw==}

  '@scure/bip39@1.5.4':
    resolution: {integrity: sha512-TFM4ni0vKvCfBpohoh+/lY05i9gRbSwXWngAsF4CABQxoaOHijxuaZ2R6cStDQ5CHtHO9aGJTr4ksVJASRRyMA==}

  '@types/json-schema@7.0.15':
    resolution: {integrity: sha512-5+fP8P8MFNC+AyZCDxrB2pkZFPGzqQWUzpSeuuVLvm8VMcorNYavBqoFcxK8bQz4Qsbn4oUEEem4wDLfcysGHA==}

  abitype@1.0.8:
    resolution: {integrity: sha512-ZeiI6h3GnW06uYDLx0etQtX/p8E24UaHHBj57RSjK7YBFe7iuVn07EDpOeP451D06sF27VOz9JJPlIKJmXgkEg==}
    peerDependencies:
      typescript: '>=5.0.4'
      zod: ^3 >=3.22.0
    peerDependenciesMeta:
      typescript:
        optional: true
      zod:
        optional: true

  base-x@2.0.6:
    resolution: {integrity: sha512-UAmjxz9KbK+YIi66xej+pZVo/vxUOh49ubEvZW5egCbxhur05pBb+hwuireQwKO4nDpsNm64/jEei17LEpsr5g==}
    engines: {node: '>=4.5.0'}
    deprecated: use 3.0.0 instead, safe-buffer has been merged and release for compatability

  base-x@4.0.0:
    resolution: {integrity: sha512-FuwxlW4H5kh37X/oW59pwTzzTKRzfrrQwhmyspRM7swOEZcHtDZSCt45U6oKgtuFE+WYPblePMVIPR4RZrh/hw==}

  bn.js@4.12.1:
    resolution: {integrity: sha512-k8TVBiPkPJT9uHLdOKfFpqcfprwBFOAAXXozRubr7R7PfIuKvQlzcI4M0pALeqXN09vdaMbUdUj+pass+uULAg==}

  borsh@1.0.0:
    resolution: {integrity: sha512-fSVWzzemnyfF89EPwlUNsrS5swF5CrtiN4e+h0/lLf4dz2he4L3ndM20PS9wj7ICSkXJe/TQUHdaPTq15b1mNQ==}

  brorand@1.1.0:
    resolution: {integrity: sha512-cKV8tMCEpQs4hK/ik71d6LrPOnpkpGBR0wzxqr68g2m/LB2GxVYQroAjMJZRVM1Y4BCjCKc3vAamxSzOY2RP+w==}

  bs58@4.0.0:
    resolution: {integrity: sha512-/jcGuUuSebyxwLLfKrbKnCJttxRf9PM51EnHTwmFKBxl4z1SGkoAhrfd6uZKE0dcjQTfm6XzTP8DPr1tzE4KIw==}

  bs58@5.0.0:
    resolution: {integrity: sha512-r+ihvQJvahgYT50JD05dyJNKlmmSlMoOGwn1lCcEzanPglg7TxYjioQUYehQ9mAR/+hOSd2jRc/Z2y5UxBymvQ==}

  depd@1.1.2:
    resolution: {integrity: sha512-7emPTl6Dpo6JRXOXjLRxck+FlLRX5847cLKEn00PLAgc3g2hTZZgr+e4c2v6QpSmLeFP3n5yUo7ft6avBK/5jQ==}
    engines: {node: '>= 0.6'}

  depd@2.0.0:
    resolution: {integrity: sha512-g7nH6P6dyDioJogAAGprGpCtVImJhpPk/roCzdb3fIh61/s/nPsfR6onyMwkCAR/OlC3yBC0lESvUoQEAssIrw==}
    engines: {node: '>= 0.8'}

  dotenv@16.4.7:
    resolution: {integrity: sha512-47qPchRCykZC03FhkYAhrvwU4xDBFIj1QPqaarj6mdM/hgUzfPHcpkHJOn3mJAufFeeAxAzeGsr5X0M4k6fLZQ==}
    engines: {node: '>=12'}

  elliptic@6.6.1:
    resolution: {integrity: sha512-RaddvvMatK2LJHqFJ+YA4WysVN5Ita9E35botqIYspQ4TkRAlCicdzKOjlyv/1Za5RyTNn7di//eEV0uTAfe3g==}

  eventemitter3@5.0.1:
    resolution: {integrity: sha512-GWkBvjiSZK87ELrYOSESUYeVIc9mvLLf/nXalMOS5dYrgZq9o5OVkbZAVM06CVxYsCwH9BDZFPlQTlPA1j4ahA==}

  exponential-backoff@3.1.2:
    resolution: {integrity: sha512-8QxYTVXUkuy7fIIoitQkPwGonB8F3Zj8eEO8Sqg9Zv/bkI7RJAzowee4gr81Hak/dUTpA2Z7VfQgoijjPNlUZA==}

  generate-function@2.3.1:
    resolution: {integrity: sha512-eeB5GfMNeevm/GRYq20ShmsaGcmI81kIX2K9XQx5miC8KdHaC6Jm0qQ8ZNeGOi7wYB8OsdxKs+Y2oVuTFuVwKQ==}

  generate-object-property@1.2.0:
    resolution: {integrity: sha512-TuOwZWgJ2VAMEGJvAyPWvpqxSANF0LDpmyHauMjFYzaACvn+QTT/AZomvPCzVBV7yDN3OmwHQ5OvHaeLKre3JQ==}

  hash.js@1.1.7:
    resolution: {integrity: sha512-taOaskGt4z4SOANNseOviYDvjEJinIkRgmp7LbKP2YTTmVxWBl87s/uzK9r+44BclBSp2X7K1hqeNfz9JbBeXA==}

  hmac-drbg@1.0.1:
    resolution: {integrity: sha512-Tti3gMqLdZfhOQY1Mzf/AanLiqh1WTiJgEj26ZuYQ9fbkLomzGchCws4FyrSd4VkpBfiNhaE1On+lOz894jvXg==}

  http-errors@1.7.2:
    resolution: {integrity: sha512-uUQBt3H/cSIVfch6i1EuPNy/YsRSOUBXTVfZ+yR7Zjez3qjBz6i9+i4zjNaoqcoFVI4lQJ5plg63TvGfRSDCRg==}
    engines: {node: '>= 0.6'}

  inherits@2.0.3:
    resolution: {integrity: sha512-x00IRNXNy63jwGkJmzPigoySHbaqpNuzKbBOmzK+g2OdZpQ9w+sxCN+VSB3ja7IAge2OP2qpfxTjeNcyjmW1uw==}

  inherits@2.0.4:
    resolution: {integrity: sha512-k/vGaX4/Yla3WzyMCvTQOXYeIHvqOKtnqBduzTHpzpQZzAskKMhZ2K+EnBiSM9zGSoIFeMpXKxa4dYeZIQqewQ==}

  is-my-ip-valid@1.0.1:
    resolution: {integrity: sha512-jxc8cBcOWbNK2i2aTkCZP6i7wkHF1bqKFrwEHuN5Jtg5BSaZHUZQ/JTOJwoV41YvHnOaRyWWh72T/KvfNz9DJg==}

  is-my-json-valid@2.20.6:
    resolution: {integrity: sha512-1JQwulVNjx8UqkPE/bqDaxtH4PXCe/2VRh/y3p99heOV87HG4Id5/VfDswd+YiAfHcRTfDlWgISycnHuhZq1aw==}

  is-property@1.0.2:
    resolution: {integrity: sha512-Ks/IoX00TtClbGQr4TWXemAnktAQvYB7HzcCxDGqEZU6oCmb2INHuOoKxbtR+HFkmYWBKv/dOZtGRiAjDhj92g==}

  isomorphic-unfetch@3.1.0:
    resolution: {integrity: sha512-geDJjpoZ8N0kWexiwkX8F9NkTsXhetLPVbZFQ+JTW239QNOwvB0gniuR1Wc6f0AMTn7/mFGyXvHTifrCp/GH8Q==}

  isows@1.0.6:
    resolution: {integrity: sha512-lPHCayd40oW98/I0uvgaHKWCSvkzY27LjWLbtzOm64yQ+G3Q5npjjbdppU65iZXkK1Zt+kH9pfegli0AYfwYYw==}
    peerDependencies:
      ws: '*'

  js-sha3@0.9.3:
    resolution: {integrity: sha512-BcJPCQeLg6WjEx3FE591wVAevlli8lxsxm9/FzV4HXkV49TmBH38Yvrpce6fjbADGMKFrBMGTqrVz3qPIZ88Gg==}

  jsonpointer@5.0.1:
    resolution: {integrity: sha512-p/nXbhSEcu3pZRdkW1OfJhpsVtW1gd4Wa1fnQc9YLiTfAjn0312eMKimbdIQzuZl9aa9xUGaRlP9T/CJE/ditQ==}
    engines: {node: '>=0.10.0'}

  keccak@3.0.4:
    resolution: {integrity: sha512-3vKuW0jV8J3XNTzvfyicFR5qvxrSAGl7KIhvgOu5cmWwM7tZRj3fMbj/pfIf4be7aznbc+prBWGjywox/g2Y6Q==}
    engines: {node: '>=10.0.0'}

  lru_map@0.4.1:
    resolution: {integrity: sha512-I+lBvqMMFfqaV8CJCISjI3wbjmwVu/VyOoU7+qtu9d7ioW5klMgsTTiUOUp+DJvfTTzKXoPbyC6YfgkNcyPSOg==}

  minimalistic-assert@1.0.1:
    resolution: {integrity: sha512-UtJcAD4yEaGtjPezWuO9wC4nwUnVH/8/Im3yEHQP4b67cXlD/Qr9hdITCU1xDbSEXg2XKNaP8jsReV7vQd00/A==}

  minimalistic-crypto-utils@1.0.1:
    resolution: {integrity: sha512-JIYlbt6g8i5jKfJ3xz7rF0LXmv2TkDxBLUkiBeZ7bAx4GnnNMr8xFpGnOxn6GhTEHx3SjRrZEoU+j04prX1ktg==}

  mustache@4.0.0:
    resolution: {integrity: sha512-FJgjyX/IVkbXBXYUwH+OYwQKqWpFPLaLVESd70yHjSDunwzV2hZOoTBvPf4KLoxesUzzyfTH6F784Uqd7Wm5yA==}
    engines: {npm: '>=1.4.0'}
    hasBin: true

  near-abi@0.1.1:
    resolution: {integrity: sha512-RVDI8O+KVxRpC3KycJ1bpfVj9Zv+xvq9PlW1yIFl46GhrnLw83/72HqHGjGDjQ8DtltkcpSjY9X3YIGZ+1QyzQ==}

  near-api-js@5.0.1:
    resolution: {integrity: sha512-ZSQYIQdekIvSRfOFuRj6MW11jtK5lsOaiWM2VB0nq7eROuuxwSSXHg+syjCXl3HNNZ3hzg0CNdp+5Za0X1ZtYg==}

  node-addon-api@2.0.2:
    resolution: {integrity: sha512-Ntyt4AIXyaLIuMHF6IOoTakB3K+RWxwtsHNRxllEoA6vPwP9o4866g6YWDLUdnucilZhmkxiHwHr11gAENw+QA==}

  node-addon-api@5.1.0:
    resolution: {integrity: sha512-eh0GgfEkpnoWDq+VY8OyvYhFEzBk6jIYbRKdIlyTiAXIVJ8PyBaKb0rp7oDtoddbdoHWhq8wwr+XZ81F1rpNdA==}

  node-fetch@2.6.7:
    resolution: {integrity: sha512-ZjMPFEfVx5j+y2yF35Kzx5sF7kDzxuDj6ziH4FFbOp87zKDZNx8yExJIb05OGF4Nlt9IHFIMBkRl41VdvcNdbQ==}
    engines: {node: 4.x || >=6.0.0}
    peerDependencies:
      encoding: ^0.1.0
    peerDependenciesMeta:
      encoding:
        optional: true

  node-gyp-build@4.8.4:
    resolution: {integrity: sha512-LA4ZjwlnUblHVgq0oBF3Jl/6h/Nvs5fzBLwdEF4nuxnFdsfajde4WfxtJr3CaiH+F6ewcIB/q4jQ4UzPyid+CQ==}
    hasBin: true

  os@0.1.2:
    resolution: {integrity: sha512-ZoXJkvAnljwvc56MbvhtKVWmSkzV712k42Is2mA0+0KTSRakq5XXuXpjZjgAt9ctzl51ojhQWakQQpmOvXWfjQ==}

  ox@0.6.7:
    resolution: {integrity: sha512-17Gk/eFsFRAZ80p5eKqv89a57uXjd3NgIf1CaXojATPBuujVc/fQSVhBeAU9JCRB+k7J50WQAyWTxK19T9GgbA==}
    peerDependencies:
      typescript: '>=5.4.0'
    peerDependenciesMeta:
      typescript:
        optional: true

  path@0.12.7:
    resolution: {integrity: sha512-aXXC6s+1w7otVF9UletFkFcDsJeO7lSZBPUQhtb5O0xJe8LtYhj/GxldoL09bBj9+ZmE2hNoHqQSFMN5fikh4Q==}

  process@0.11.10:
    resolution: {integrity: sha512-cdGef/drWFoydD1JsMzuFf8100nZl+GT+yacc2bEced5f9Rjk4z+WtFUTBu9PhOi9j/jfmBPu0mMEY4wIdAF8A==}
    engines: {node: '>= 0.6.0'}

  randombytes@2.1.0:
    resolution: {integrity: sha512-vYl3iOX+4CKUWuxGi9Ukhie6fsqXqS9FE2Zaic4tNFD2N2QQaXOMFbuKK4QmDHC0JO6B1Zp41J0LpT0oR68amQ==}

  readable-stream@3.6.2:
    resolution: {integrity: sha512-9u/sniCrY3D5WdsERHzHE4G2YCXqoG5FTHUiCC4SIbr6XcLZBY05ya9EKjYek9O5xOAwjGq+1JdGBAS7Q9ScoA==}
    engines: {node: '>= 6'}

  safe-buffer@5.2.1:
    resolution: {integrity: sha512-rp3So07KcdmmKbGvgaNxQSJr7bGVSVk5S9Eq1F+ppbRo70+YeaDxkw5Dd8NPN+GD6bjnYm2VuPuCXmpuYvmCXQ==}

  secp256k1@5.0.0:
    resolution: {integrity: sha512-TKWX8xvoGHrxVdqbYeZM9w+izTF4b9z3NhSaDkdn81btvuh+ivbIMGT/zQvDtTFWhRlThpoz6LEYTr7n8A5GcA==}
    engines: {node: '>=14.0.0'}

  setprototypeof@1.1.1:
    resolution: {integrity: sha512-JvdAWfbXeIGaZ9cILp38HntZSFSo3mWg6xGcJJsd+d4aRMOqauag1C63dJfDw7OaMYwEbHMOxEZ1lqVRYP2OAw==}

  statuses@1.5.0:
    resolution: {integrity: sha512-OpZ3zP+jT1PI7I8nemJX4AKmAX070ZkYPVWV/AaKTJl+tXCTGyVdC1a4SL8RUQYEwk/f34ZX8UTykN68FwrqAA==}
    engines: {node: '>= 0.6'}

  string_decoder@1.3.0:
    resolution: {integrity: sha512-hkRX8U1WjJFd8LsDJ2yQ/wWWxaopEsABU1XfkM8A+j0+85JAGppt16cr1Whg6KIbb4okU6Mql6BOj+uup/wKeA==}

  toidentifier@1.0.0:
    resolution: {integrity: sha512-yaOH/Pk/VEhBWWTlhI+qXxDFXlejDGcQipMlyxda9nthulaxLZUNcUqFxokp0vcYnvteJln5FNQDRrxj3YcbVw==}
    engines: {node: '>=0.6'}

  tr46@0.0.3:
    resolution: {integrity: sha512-N3WMsuqV66lT30CrXNbEjx4GEwlow3v6rr4mCcv6prnfwhS01rkgyFdjPNBYd9br7LpXV1+Emh01fHnq2Gdgrw==}

  unfetch@4.2.0:
    resolution: {integrity: sha512-F9p7yYCn6cIW9El1zi0HI6vqpeIvBsr3dSuRO6Xuppb1u5rXpCPmMvLSyECLhybr9isec8Ohl0hPekMVrEinDA==}

  util-deprecate@1.0.2:
    resolution: {integrity: sha512-EPD5q1uXyFxJpCrLnCc1nHnq3gOa6DZBocAIiI2TaSCA7VCJ1UJDMagCzIkXNsUYfD1daK//LTEQ8xiIbrHtcw==}

  util@0.10.4:
    resolution: {integrity: sha512-0Pm9hTQ3se5ll1XihRic3FDIku70C+iHUdT/W926rSgHV5QgXsYbKZN8MSC3tJtSkhuROzvsQjAaFENRXr+19A==}

  viem@2.23.5:
    resolution: {integrity: sha512-cUfBHdFQHmBlPW0loFXda0uZcoU+uJw3NRYQRwYgkrpH6PgovH8iuVqDn6t1jZk82zny4wQL54c9dCX2W9kLMg==}
    peerDependencies:
      typescript: '>=5.0.4'
    peerDependenciesMeta:
      typescript:
        optional: true

  webidl-conversions@3.0.1:
    resolution: {integrity: sha512-2JAn3z8AR6rjK8Sm8orRC0h/bcl/DqL7tRPdGZ4I1CjdF+EaMLmYxBHyXuKL849eucPFhvBoxMsflfOb8kxaeQ==}

  whatwg-url@5.0.0:
    resolution: {integrity: sha512-saE57nupxk6v3HY35+jzBwYa0rKSy0XR8JSxZPwgLr7ys0IBzhGviA1/TUGJLmSVqs8pb9AnvICXEuOHLprYTw==}

  ws@8.18.0:
    resolution: {integrity: sha512-8VbfWfHLbbwu3+N6OKsOMpBdT4kXPDDB9cJk2bJ6mh9ucxdlnNvH1e+roYkKmN9Nxw2yjz7VzeO9oOz2zJ04Pw==}
    engines: {node: '>=10.0.0'}
    peerDependencies:
      bufferutil: ^4.0.1
      utf-8-validate: '>=5.0.2'
    peerDependenciesMeta:
      bufferutil:
        optional: true
      utf-8-validate:
        optional: true

  xtend@4.0.2:
    resolution: {integrity: sha512-LKYU1iAXJXUgAXn9URjiu+MWhyUXHsvfp7mcuYm9dSUKK0/CjtrUwFAxD82/mCWbtLsGjFIad0wIsod4zrTAEQ==}
    engines: {node: '>=0.4'}

snapshots:

  '@adraffy/ens-normalize@1.11.0': {}

  '@near-js/accounts@1.3.1':
    dependencies:
      '@near-js/crypto': 1.4.1
      '@near-js/providers': 1.0.1
      '@near-js/signers': 0.2.1
      '@near-js/transactions': 1.3.1
      '@near-js/types': 0.3.1
      '@near-js/utils': 1.0.1
      '@noble/hashes': 1.3.3
      borsh: 1.0.0
      depd: 2.0.0
      is-my-json-valid: 2.20.6
      isomorphic-unfetch: 3.1.0
      lru_map: 0.4.1
      near-abi: 0.1.1
    transitivePeerDependencies:
      - encoding

  '@near-js/crypto@1.4.1':
    dependencies:
      '@near-js/types': 0.3.1
      '@near-js/utils': 1.0.1
      '@noble/curves': 1.2.0
      borsh: 1.0.0
      randombytes: 2.1.0
      secp256k1: 5.0.0

  '@near-js/keystores-browser@0.2.1':
    dependencies:
      '@near-js/crypto': 1.4.1
      '@near-js/keystores': 0.2.1

  '@near-js/keystores-node@0.1.1':
    dependencies:
      '@near-js/crypto': 1.4.1
      '@near-js/keystores': 0.2.1

  '@near-js/keystores@0.2.1':
    dependencies:
      '@near-js/crypto': 1.4.1
      '@near-js/types': 0.3.1

  '@near-js/providers@1.0.1':
    dependencies:
      '@near-js/transactions': 1.3.1
      '@near-js/types': 0.3.1
      '@near-js/utils': 1.0.1
      borsh: 1.0.0
      exponential-backoff: 3.1.2
      isomorphic-unfetch: 3.1.0
    optionalDependencies:
      node-fetch: 2.6.7
    transitivePeerDependencies:
      - encoding

  '@near-js/signers@0.2.1':
    dependencies:
      '@near-js/crypto': 1.4.1
      '@near-js/keystores': 0.2.1
      '@noble/hashes': 1.3.3

  '@near-js/transactions@1.3.1':
    dependencies:
      '@near-js/crypto': 1.4.1
      '@near-js/signers': 0.2.1
      '@near-js/types': 0.3.1
      '@near-js/utils': 1.0.1
      '@noble/hashes': 1.3.3
      borsh: 1.0.0

  '@near-js/types@0.3.1': {}

  '@near-js/utils@1.0.1':
    dependencies:
      '@near-js/types': 0.3.1
      bs58: 4.0.0
      depd: 2.0.0
      mustache: 4.0.0

  '@near-js/wallet-account@1.3.1':
    dependencies:
      '@near-js/accounts': 1.3.1
      '@near-js/crypto': 1.4.1
      '@near-js/keystores': 0.2.1
      '@near-js/providers': 1.0.1
      '@near-js/signers': 0.2.1
      '@near-js/transactions': 1.3.1
      '@near-js/types': 0.3.1
      '@near-js/utils': 1.0.1
      borsh: 1.0.0
    transitivePeerDependencies:
      - encoding

  '@noble/curves@1.2.0':
    dependencies:
      '@noble/hashes': 1.3.2

  '@noble/curves@1.8.1':
    dependencies:
      '@noble/hashes': 1.7.1

  '@noble/hashes@1.3.2': {}

  '@noble/hashes@1.3.3': {}

  '@noble/hashes@1.7.1': {}

  '@scure/base@1.2.4': {}

  '@scure/bip32@1.6.2':
    dependencies:
      '@noble/curves': 1.8.1
      '@noble/hashes': 1.7.1
      '@scure/base': 1.2.4

  '@scure/bip39@1.5.4':
    dependencies:
      '@noble/hashes': 1.7.1
      '@scure/base': 1.2.4

  '@types/json-schema@7.0.15': {}

  abitype@1.0.8: {}

  base-x@2.0.6:
    dependencies:
      safe-buffer: 5.2.1

  base-x@4.0.0: {}

  bn.js@4.12.1: {}

  borsh@1.0.0: {}

  brorand@1.1.0: {}

  bs58@4.0.0:
    dependencies:
      base-x: 2.0.6

  bs58@5.0.0:
    dependencies:
      base-x: 4.0.0

  depd@1.1.2: {}

  depd@2.0.0: {}

  dotenv@16.4.7: {}

  elliptic@6.6.1:
    dependencies:
      bn.js: 4.12.1
      brorand: 1.1.0
      hash.js: 1.1.7
      hmac-drbg: 1.0.1
      inherits: 2.0.4
      minimalistic-assert: 1.0.1
      minimalistic-crypto-utils: 1.0.1

  eventemitter3@5.0.1: {}

  exponential-backoff@3.1.2: {}

  generate-function@2.3.1:
    dependencies:
      is-property: 1.0.2

  generate-object-property@1.2.0:
    dependencies:
      is-property: 1.0.2

  hash.js@1.1.7:
    dependencies:
      inherits: 2.0.4
      minimalistic-assert: 1.0.1

  hmac-drbg@1.0.1:
    dependencies:
      hash.js: 1.1.7
      minimalistic-assert: 1.0.1
      minimalistic-crypto-utils: 1.0.1

  http-errors@1.7.2:
    dependencies:
      depd: 1.1.2
      inherits: 2.0.3
      setprototypeof: 1.1.1
      statuses: 1.5.0
      toidentifier: 1.0.0

  inherits@2.0.3: {}

  inherits@2.0.4: {}

  is-my-ip-valid@1.0.1: {}

  is-my-json-valid@2.20.6:
    dependencies:
      generate-function: 2.3.1
      generate-object-property: 1.2.0
      is-my-ip-valid: 1.0.1
      jsonpointer: 5.0.1
      xtend: 4.0.2

  is-property@1.0.2: {}

  isomorphic-unfetch@3.1.0:
    dependencies:
      node-fetch: 2.6.7
      unfetch: 4.2.0
    transitivePeerDependencies:
      - encoding

  isows@1.0.6(ws@8.18.0):
    dependencies:
      ws: 8.18.0

  js-sha3@0.9.3: {}

  jsonpointer@5.0.1: {}

  keccak@3.0.4:
    dependencies:
      node-addon-api: 2.0.2
      node-gyp-build: 4.8.4
      readable-stream: 3.6.2

  lru_map@0.4.1: {}

  minimalistic-assert@1.0.1: {}

  minimalistic-crypto-utils@1.0.1: {}

  mustache@4.0.0: {}

  near-abi@0.1.1:
    dependencies:
      '@types/json-schema': 7.0.15

  near-api-js@5.0.1:
    dependencies:
      '@near-js/accounts': 1.3.1
      '@near-js/crypto': 1.4.1
      '@near-js/keystores': 0.2.1
      '@near-js/keystores-browser': 0.2.1
      '@near-js/keystores-node': 0.1.1
      '@near-js/providers': 1.0.1
      '@near-js/signers': 0.2.1
      '@near-js/transactions': 1.3.1
      '@near-js/types': 0.3.1
      '@near-js/utils': 1.0.1
      '@near-js/wallet-account': 1.3.1
      '@noble/curves': 1.2.0
      borsh: 1.0.0
      depd: 2.0.0
      http-errors: 1.7.2
      near-abi: 0.1.1
      node-fetch: 2.6.7
    transitivePeerDependencies:
      - encoding

  node-addon-api@2.0.2: {}

  node-addon-api@5.1.0: {}

  node-fetch@2.6.7:
    dependencies:
      whatwg-url: 5.0.0

  node-gyp-build@4.8.4: {}

  os@0.1.2: {}

  ox@0.6.7:
    dependencies:
      '@adraffy/ens-normalize': 1.11.0
      '@noble/curves': 1.8.1
      '@noble/hashes': 1.7.1
      '@scure/bip32': 1.6.2
      '@scure/bip39': 1.5.4
      abitype: 1.0.8
      eventemitter3: 5.0.1
    transitivePeerDependencies:
      - zod

  path@0.12.7:
    dependencies:
      process: 0.11.10
      util: 0.10.4

  process@0.11.10: {}

  randombytes@2.1.0:
    dependencies:
      safe-buffer: 5.2.1

  readable-stream@3.6.2:
    dependencies:
      inherits: 2.0.4
      string_decoder: 1.3.0
      util-deprecate: 1.0.2

  safe-buffer@5.2.1: {}

  secp256k1@5.0.0:
    dependencies:
      elliptic: 6.6.1
      node-addon-api: 5.1.0
      node-gyp-build: 4.8.4

  setprototypeof@1.1.1: {}

  statuses@1.5.0: {}

  string_decoder@1.3.0:
    dependencies:
      safe-buffer: 5.2.1

  toidentifier@1.0.0: {}

  tr46@0.0.3: {}

  unfetch@4.2.0: {}

  util-deprecate@1.0.2: {}

  util@0.10.4:
    dependencies:
      inherits: 2.0.3

  viem@2.23.5:
    dependencies:
      '@noble/curves': 1.8.1
      '@noble/hashes': 1.7.1
      '@scure/bip32': 1.6.2
      '@scure/bip39': 1.5.4
      abitype: 1.0.8
      isows: 1.0.6(ws@8.18.0)
      ox: 0.6.7
      ws: 8.18.0
    transitivePeerDependencies:
      - bufferutil
      - utf-8-validate
      - zod

  webidl-conversions@3.0.1: {}

  whatwg-url@5.0.0:
    dependencies:
      tr46: 0.0.3
      webidl-conversions: 3.0.1

  ws@8.18.0: {}

  xtend@4.0.2: {}
